{
  "name": "experimental",
  "version": "1.0.0",
  "lockfileVersion": 1,
  "requires": true,
  "dependencies": {
    "codemirror": {
      "version": "5.59.2",
      "resolved": "https://registry.npmjs.org/codemirror/-/codemirror-5.59.2.tgz",
      "integrity": "sha512-/D5PcsKyzthtSy2NNKCyJi3b+htRkoKv3idswR/tR6UAvMNKA7SrmyZy6fOONJxSRs1JlUWEDAbxqfdArbK8iA=="
    }
  }
}
